Microsoft Visual Studio Solution File, Format Version 11.00
# Visual Studio 2010
Project("{FAE04EC0-301F-11D3-BF4B-00C04F79EFBC}") = "E5040", "E5040\E5040.csproj", "{A2A85607-F6A5-4A05-8994-E9F0ECEDDEFD}"
EndProject
Global
	GlobalSection(SolutionConfigurationPlatforms) = preSolution
		Debug|Any CPU = Debug|Any CPU
		Release|Any CPU = Release|Any CPU
	EndGlobalSection
	GlobalSection(ProjectConfigurationPlatforms) = postSolution
		{A2A85607-F6A5-4A05-8994-E9F0ECEDDEFD}.Debug|Any CPU.ActiveCfg = Debug|Any CPU
		{A2A85607-F6A5-4A05-8994-E9F0ECEDDEFD}.Debug|Any CPU.Build.0 = Debug|Any CPU
		{A2A85607-F6A5-4A05-8994-E9F0ECEDDEFD}.Release|Any CPU.ActiveCfg = Release|Any CPU
		{A2A85607-F6A5-4A05-8994-E9F0ECEDDEFD}.Release|Any CPU.Build.0 = Release|Any CPU
	EndGlobalSection
	GlobalSection(SolutionProperties) = preSolution
		HideSolutionNode = FALSE
	EndGlobalSection
EndGlobal
